// !$*UTF8*$!
{
	archiveVersion = 1;
	classes = {
	};
	objectVersion = 50;
	objects = {

/* Begin PBXBuildFile section */
		19F5D341237BF6CC004CDF73 /* AppDelegate.swift in Sources */ = {isa = PBXBuildFile; fileRef = 19F5D340237BF6CC004CDF73 /* AppDelegate.swift */; };
		19F5D343237BF6CC004CDF73 /* ViewController.swift in Sources */ = {isa = PBXBuildFile; fileRef = 19F5D342237BF6CC004CDF73 /* ViewController.swift */; };
		19F5D345237BF6D0004CDF73 /* Assets.xcassets in Resources */ = {isa = PBXBuildFile; fileRef = 19F5D344237BF6D0004CDF73 /* Assets.xcassets */; };
		19F5D348237BF6D0004CDF73 /* Main.storyboard in Resources */ = {isa = PBXBuildFile; fileRef = 19F5D346237BF6D0004CDF73 /* Main.storyboard */; };
/* End PBXBuildFile section */

/* Begin PBXFileReference section */
		19F5D33D237BF6CC004CDF73 /* TeXMath.app */ = {isa = PBXFileReference; explicitFileType = wrapper.application; includeInIndex = 0; path = TeXMath.app; sourceTree = BUILT_PRODUCTS_DIR; };
		19F5D340237BF6CC004CDF73 /* AppDelegate.swift */ = {isa = PBXFileReference; lastKnownFileType = sourcecode.swift; path = AppDelegate.swift; sourceTree = "<group>"; };
		19F5D342237BF6CC004CDF73 /* ViewController.swift */ = {isa = PBXFileReference; lastKnownFileType = sourcecode.swift; path = ViewController.swift; sourceTree = "<group>"; };
		19F5D344237BF6D0004CDF73 /* Assets.xcassets */ = {isa = PBXFileReference; lastKnownFileType = folder.assetcatalog; path = Assets.xcassets; sourceTree = "<group>"; };
		19F5D347237BF6D0004CDF73 /* Base */ = {isa = PBXFileReference; lastKnownFileType = file.storyboard; name = Base; path = Base.lproj/Main.storyboard; sourceTree = "<group>"; };
		19F5D349237BF6D0004CDF73 /* Info.plist */ = {isa = PBXFileReference; lastKnownFileType = text.plist.xml; path = Info.plist; sourceTree = "<group>"; };
		19F5D34A237BF6D0004CDF73 /* TeXMath.entitlements */ = {isa = PBXFileReference; lastKnownFileType = text.plist.entitlements; path = TeXMath.entitlements; sourceTree = "<group>"; };
/* End PBXFileReference section */

/* Begin PBXFrameworksBuildPhase section */
		19F5D33A237BF6CC004CDF73 /* Frameworks */ = {
			isa = PBXFrameworksBuildPhase;
			buildActionMask = 2147483647;
			files = (
			);
			runOnlyForDeploymentPostprocessing = 0;
		};
/* End PBXFrameworksBuildPhase section */

/* Begin PBXGroup section */
		19F5D334237BF6CC004CDF73 = {
			isa = PBXGroup;
			children = (
				19F5D33F237BF6CC004CDF73 /* TeXMath */,
				19F5D33E237BF6CC004CDF73 /* Products */,
			);
			sourceTree = "<group>";
		};
		19F5D33E237BF6CC004CDF73 /* Products */ = {
			isa = PBXGroup;
			children = (
				19F5D33D237BF6CC004CDF73 /* TeXMath.app */,
			);
			name = Products;
			sourceTree = "<group>";
		};
		19F5D33F237BF6CC004CDF73 /* TeXMath */ = {
			isa = PBXGroup;
			children = (
				19F5D340237BF6CC004CDF73 /* AppDelegate.swift */,
				19F5D342237BF6CC004CDF73 /* ViewController.swift */,
				19F5D344237BF6D0004CDF73 /* Assets.xcassets */,
				19F5D346237BF6D0004CDF73 /* Main.storyboard */,
				19F5D349237BF6D0004CDF73 /* Info.plist */,
				19F5D34A237BF6D0004CDF73 /* TeXMath.entitlements */,
			);
			path = TeXMath;
			sourceTree = "<group>";
		};
/* End PBXGroup section */

/* Begin PBXNativeTarget section */
		19F5D33C237BF6CC004CDF73 /* TeXMath */ = {
			isa = PBXNativeTarget;
			buildConfigurationList = 19F5D34D237BF6D0004CDF73 /* Build configuration list for PBXNativeTarget "TeXMath" */;
			buildPhases = (
				19F5D339237BF6CC004CDF73 /* Sources */,
				19F5D33A237BF6CC004CDF73 /* Frameworks */,
				19F5D33B237BF6CC004CDF73 /* Resources */,
			);
			buildRules = (
			);
			dependencies = (
			);
			name = TeXMath;
			productName = TeXMath;
			productReference = 19F5D33D237BF6CC004CDF73 /* TeXMath.app */;
			productType = "com.apple.product-type.application";
		};
/* End PBXNativeTarget section */

/* Begin PBXProject section */
		19F5D335237BF6CC004CDF73 /* Project object */ = {
			isa = PBXProject;
			attributes = {
				LastSwiftUpdateCheck = 1120;
				LastUpgradeCheck = 1120;
				ORGANIZATIONNAME = "Jiaxin Shou";
				TargetAttributes = {
					19F5D33C237BF6CC004CDF73 = {
						CreatedOnToolsVersion = 11.2;
					};
				};
			};
			buildConfigurationList = 19F5D338237BF6CC004CDF73 /* Build configuration list for PBXProject "TeXMath" */;
			compatibilityVersion = "Xcode 9.3";
			developmentRegion = en;
			hasScannedForEncodings = 0;
			knownRegions = (
				en,
				Base,
			);
			mainGroup = 19F5D334237BF6CC004CDF73;
			productRefGroup = 19F5D33E237BF6CC004CDF73 /* Products */;
			projectDirPath = "";
			projectRoot = "";
			targets = (
				19F5D33C237BF6CC004CDF73 /* TeXMath */,
			);
		};
/* End PBXProject section */

/* Begin PBXResourcesBuildPhase section */
		19F5D33B237BF6CC004CDF73 /* Resources */ = {
			isa = PBXResourcesBuildPhase;
			buildActionMask = 2147483647;
			files = (
				19F5D345237BF6D0004CDF73 /* Assets.xcassets in Resources */,
				19F5D348237BF6D0004CDF73 /* Main.storyboard in Resources */,
			);
			runOnlyForDeploymentPostprocessing = 0;
		};
/* End PBXResourcesBuildPhase section */

/* Begin PBXSourcesBuildPhase section */
		19F5D339237BF6CC004CDF73 /* Sources */ = {
			isa = PBXSourcesBuildPhase;
			buildActionMask = 2147483647;
			files = (
				19F5D343237BF6CC004CDF73 /* ViewController.swift in Sources */,
				19F5D341237BF6CC004CDF73 /* AppDelegate.swift in Sources */,
			);
			runOnlyForDeploymentPostprocessing = 0;
		};
/* End PBXSourcesBuildPhase section */

/* Begin PBXVariantGroup section */
		19F5D346237BF6D0004CDF73 /* Main.storyboard */ = {
			isa = PBXVariantGroup;
			children = (
				19F5D347237BF6D0004CDF73 /* Base */,
			);
			name = Main.storyboard;
			sourceTree = "<group>";
		};
/* End PBXVariantGroup section */

/* Begin XCBuildConfiguration section */
		19F5D34B237BF6D0004CDF73 /* Debug */ = {
			isa = XCBuildConfiguration;
			buildSettings = {
				ALWAYS_SEARCH_USER_PATHS = NO;
				CLANG_ANALYZER_NONNULL = YES;
				CLANG_ANALYZER_NUMBER_OBJECT_CONVERSION = YES_AGGRESSIVE;
				CLANG_CXX_LANGUAGE_STANDARD = "gnu++14";
				CLANG_CXX_LIBRARY = "libc++";
				CLANG_ENABLE_MODULES = YES;
				CLANG_ENABLE_OBJC_ARC = YES;
				CLANG_ENABLE_OBJC_WEAK = YES;
				CLANG_WARN_BLOCK_CAPTURE_AUTORELEASING = YES;
				CLANG_WARN_BOOL_CONVERSION = YES;
				CLANG_WARN_COMMA = YES;
				CLANG_WARN_CONSTANT_CONVERSION = YES;
				CLANG_WARN_DEPRECATED_OBJC_IMPLEMENTATIONS = YES;
				CLANG_WARN_DIRECT_OBJC_ISA_USAGE = YES_ERROR;
				CLANG_WARN_DOCUMENTATION_COMMENTS = YES;
				CLANG_WARN_EMPTY_BODY = YES;
				CLANG_WARN_ENUM_CONVERSION = YES;
				CLANG_WARN_INFINITE_RECURSION = YES;
				CLANG_WARN_INT_CONVERSION = YES;
				CLANG_WARN_NON_LITERAL_NULL_CONVERSION = YES;
				CLANG_WARN_OBJC_IMPLICIT_RETAIN_SELF = YES;
				CLANG_WARN_OBJC_LITERAL_CONVERSION = YES;
				CLANG_WARN_OBJC_ROOT_CLASS = YES_ERROR;
				CLANG_WARN_RANGE_LOOP_ANALYSIS = YES;
				CLANG_WARN_STRICT_PROTOTYPES = YES;
				CLANG_WARN_SUSPICIOUS_MOVE = YES;
				CLANG_WARN_UNGUARDED_AVAILABILITY = YES_AGGRESSIVE;
				CLANG_WARN_UNREACHABLE_CODE = YES;
				CLANG_WARN__DUPLICATE_METHOD_MATCH = YES;
				COPY_PHASE_STRIP = NO;
				DEBUG_INFORMATION_FORMAT = dwarf;
				ENABLE_STRICT_OBJC_MSGSEND = YES;
				ENABLE_TESTABILITY = YES;
				GCC_C_LANGUAGE_STANDARD = gnu11;
				GCC_DYNAMIC_NO_PIC = NO;
				GCC_NO_COMMON_BLOCKS = YES;
				GCC_OPTIMIZATION_LEVEL = 0;
				GCC_PREPROCESSOR_DEFINITIONS = (
					"DEBUG=1",
					"$(inherited)",
				);
				GCC_WARN_64_TO_32_BIT_CONVERSION = YES;
				GCC_WARN_ABOUT_RETURN_TYPE = YES_ERROR;
				GCC_WARN_UNDECLARED_SELECTOR = YES;
				GCC_WARN_UNINITIALIZED_AUTOS = YES_AGGRESSIVE;
				GCC_WARN_UNUSED_FUNCTION = YES;
				GCC_WARN_UNUSED_VARIABLE = YES;
				MACOSX_DEPLOYMENT_TARGET = 10.15;
				MTL_ENABLE_DEBUG_INFO = INCLUDE_SOURCE;
				MTL_FAST_MATH = YES;
				ONLY_ACTIVE_ARCH = YES;
				SDKROOT = macosx;
				SWIFT_ACTIVE_COMPILATION_CONDITIONS = DEBUG;
				SWIFT_OPTIMIZATION_LEVEL = "-Onone";
			};
			name = Debug;
		};
		19F5D34C237BF6D0004CDF73 /* Release */ = {
			isa = XCBuildConfiguration;
			buildSettings = {
				ALWAYS_SEARCH_USER_PATHS = NO;
				CLANG_ANALYZER_NONNULL = YES;
				CLANG_ANALYZER_NUMBER_OBJECT_CONVERSION = YES_AGGRESSIVE;
				CLANG_CXX_LANGUAGE_STANDARD = "gnu++14";
				CLANG_CXX_LIBRARY = "libc++";
				CLANG_ENABLE_MODULES = YES;
				CLANG_ENABLE_OBJC_ARC = YES;
				CLANG_ENABLE_OBJC_WEAK = YES;
				CLANG_WARN_BLOCK_CAPTURE_AUTORELEASING = YES;
				CLANG_WARN_BOOL_CONVERSION = YES;
				CLANG_WARN_COMMA = YES;
				CLANG_WARN_CONSTANT_CONVERSION = YES;
				CLANG_WARN_DEPRECATED_OBJC_IMPLEMENTATIONS = YES;
				CLANG_WARN_DIRECT_OBJC_ISA_USAGE = YES_ERROR;
				CLANG_WARN_DOCUMENTATION_COMMENTS = YES;
				CLANG_WARN_EMPTY_BODY = YES;
				CLANG_WARN_ENUM_CONVERSION = YES;
				CLANG_WARN_INFINITE_RECURSION = YES;
				CLANG_WARN_INT_CONVERSION = YES;
				CLANG_WARN_NON_LITERAL_NULL_CONVERSION = YES;
				CLANG_WARN_OBJC_IMPLICIT_RETAIN_SELF = YES;
				CLANG_WARN_OBJC_LITERAL_CONVERSION = YES;
				CLANG_WARN_OBJC_ROOT_CLASS = YES_ERROR;
				CLANG_WARN_RANGE_LOOP_ANALYSIS = YES;
				CLANG_WARN_STRICT_PROTOTYPES = YES;
				CLANG_WARN_SUSPICIOUS_MOVE = YES;
				CLANG_WARN_UNGUARDED_AVAILABILITY = YES_AGGRESSIVE;
				CLANG_WARN_UNREACHABLE_CODE = YES;
				CLANG_WARN__DUPLICATE_METHOD_MATCH = YES;
				COPY_PHASE_STRIP = NO;
				DEBUG_INFORMATION_FORMAT = "dwarf-with-dsym";
				ENABLE_NS_ASSERTIONS = NO;
				ENABLE_STRICT_OBJC_MSGSEND = YES;
				GCC_C_LANGUAGE_STANDARD = gnu11;
				GCC_NO_COMMON_BLOCKS = YES;
				GCC_WARN_64_TO_32_BIT_CONVERSION = YES;
				GCC_WARN_ABOUT_RETURN_TYPE = YES_ERROR;
				GCC_WARN_UNDECLARED_SELECTOR = YES;
				GCC_WARN_UNINITIALIZED_AUTOS = YES_AGGRESSIVE;
				GCC_WARN_UNUSED_FUNCTION = YES;
				GCC_WARN_UNUSED_VARIABLE = YES;
				MACOSX_DEPLOYMENT_TARGET = 10.15;
				MTL_ENABLE_DEBUG_INFO = NO;
				MTL_FAST_MATH = YES;
				SDKROOT = macosx;
				SWIFT_COMPILATION_MODE = wholemodule;
				SWIFT_OPTIMIZATION_LEVEL = "-O";
			};
			name = Release;
		};
		19F5D34E237BF6D0004CDF73 /* Debug */ = {
			isa = XCBuildConfiguration;
			buildSettings = {
				ASSETCATALOG_COMPILER_APPICON_NAME = AppIcon;
				CODE_SIGN_ENTITLEMENTS = TeXMath/TeXMath.entitlements;
				CODE_SIGN_STYLE = Automatic;
				COMBINE_HIDPI_IMAGES = YES;
				DEVELOPMENT_TEAM = 8TA5C5ASM9;
				ENABLE_HARDENED_RUNTIME = YES;
				INFOPLIST_FILE = TeXMath/Info.plist;
				LD_RUNPATH_SEARCH_PATHS = (
					"$(inherited)",
					"@executable_path/../Frameworks",
				);
				MARKETING_VERSION = 1.0.0;
				PRODUCT_BUNDLE_IDENTIFIER = me.jiaxin.TeXMath;
				PRODUCT_NAME = "$(TARGET_NAME)";
				SWIFT_VERSION = 5.0;
			};
			name = Debug;
		};
		19F5D34F237BF6D0004CDF73 /* Release */ = {
			isa = XCBuildConfiguration;
			buildSettings = {
				ASSETCATALOG_COMPILER_APPICON_NAME = AppIcon;
				CODE_SIGN_ENTITLEMENTS = TeXMath/TeXMath.entitlements;
				CODE_SIGN_STYLE = Automatic;
				COMBINE_HIDPI_IMAGES = YES;
				DEVELOPMENT_TEAM = 8TA5C5ASM9;
				ENABLE_HARDENED_RUNTIME = YES;
				INFOPLIST_FILE = TeXMath/Info.plist;
				LD_RUNPATH_SEARCH_PATHS = (
					"$(inherited)",
					"@executable_path/../Frameworks",
				);
				MARKETING_VERSION = 1.0.0;
				PRODUCT_BUNDLE_IDENTIFIER = me.jiaxin.TeXMath;
				PRODUCT_NAME = "$(TARGET_NAME)";
				SWIFT_VERSION = 5.0;
			};
			name = Release;
		};
/* End XCBuildConfiguration section */

/* Begin XCConfigurationList section */
		19F5D338237BF6CC004CDF73 /* Build configuration list for PBXProject "TeXMath" */ = {
			isa = XCConfigurationList;
			buildConfigurations = (
				19F5D34B237BF6D0004CDF73 /* Debug */,
				19F5D34C237BF6D0004CDF73 /* Release */,
			);
			defaultConfigurationIsVisible = 0;
			defaultConfigurationName = Release;
		};
		19F5D34D237BF6D0004CDF73 /* Build configuration list for PBXNativeTarget "TeXMath" */ = {
			isa = XCConfigurationList;
			buildConfigurations = (
				19F5D34E237BF6D0004CDF73 /* Debug */,
				19F5D34F237BF6D0004CDF73 /* Release */,
			);
			defaultConfigurationIsVisible = 0;
			defaultConfigurationName = Release;
		};
/* End XCConfigurationList section */
	};
	rootObject = 19F5D335237BF6CC004CDF73 /* Project object */;
}
