// !$*UTF8*$!
{
	archiveVersion = 1;
	classes = {
	};
	objectVersion = 51;
	objects = {

/* Begin PBXBuildFile section */
		5104E3BA22D3834700E63A39 /* IntegralViewController.swift in Sources */ = {isa = PBXBuildFile; fileRef = 5104E3B922D3834700E63A39 /* IntegralViewController.swift */; };
		510BCA4222D7838C00A0E365 /* BracketViewController.swift in Sources */ = {isa = PBXBuildFile; fileRef = 510BCA4122D7838C00A0E365 /* BracketViewController.swift */; };
		511B1A3E22D0D41F00D7AAB5 /* EquationItemButton.swift in Sources */ = {isa = PBXBuildFile; fileRef = 511B1A3D22D0D41F00D7AAB5 /* EquationItemButton.swift */; };
		511CCB4222D9AE9D004A14EB /* LimitLogViewController.swift in Sources */ = {isa = PBXBuildFile; fileRef = 511CCB4122D9AE9D004A14EB /* LimitLogViewController.swift */; };
		512B591622D19A7B00B96C09 /* PreviewViewController.swift in Sources */ = {isa = PBXBuildFile; fileRef = 512B591522D19A7B00B96C09 /* PreviewViewController.swift */; };
		5134E0C622C4C2E200F7DEC3 /* AppDelegate.swift in Sources */ = {isa = PBXBuildFile; fileRef = 5134E0C522C4C2E200F7DEC3 /* AppDelegate.swift */; };
		5134E0CA22C4C2E200F7DEC3 /* Assets.xcassets in Resources */ = {isa = PBXBuildFile; fileRef = 5134E0C922C4C2E200F7DEC3 /* Assets.xcassets */; };
		5134E0CD22C4C2E200F7DEC3 /* Main.storyboard in Resources */ = {isa = PBXBuildFile; fileRef = 5134E0CB22C4C2E200F7DEC3 /* Main.storyboard */; };
		51757CF522D1FCB100EC30BF /* Utils.swift in Sources */ = {isa = PBXBuildFile; fileRef = 51757CF422D1FCB100EC30BF /* Utils.swift */; };
		51757CF722D20F6B00EC30BF /* ScriptViewController.swift in Sources */ = {isa = PBXBuildFile; fileRef = 51757CF622D20F6B00EC30BF /* ScriptViewController.swift */; };
		51757CF922D2179000EC30BF /* RadicalViewController.swift in Sources */ = {isa = PBXBuildFile; fileRef = 51757CF822D2179000EC30BF /* RadicalViewController.swift */; };
		51A8486222D4F10200A99313 /* LargeOperatorViewController.swift in Sources */ = {isa = PBXBuildFile; fileRef = 51A8486122D4F10200A99313 /* LargeOperatorViewController.swift */; };
		51CEBBD422D1E87E00F0044E /* FractionViewController.swift in Sources */ = {isa = PBXBuildFile; fileRef = 51CEBBD322D1E87E00F0044E /* FractionViewController.swift */; };
		51EF739E22D1CDDF0055266B /* EquationPreviewView.swift in Sources */ = {isa = PBXBuildFile; fileRef = 51EF739D22D1CDDF0055266B /* EquationPreviewView.swift */; };
		DBEEB333082EE5D4B608DDAB /* Pods_LaTeX_Mathematics.framework in Frameworks */ = {isa = PBXBuildFile; fileRef = AE59D124062A5381ABD03BD6 /* Pods_LaTeX_Mathematics.framework */; };
/* End PBXBuildFile section */

/* Begin PBXFileReference section */
		37A27CC76E1F96E3BEF57332 /* Pods-LaTeXMathematics.release.xcconfig */ = {isa = PBXFileReference; includeInIndex = 1; lastKnownFileType = text.xcconfig; name = "Pods-LaTeXMathematics.release.xcconfig"; path = "Target Support Files/Pods-LaTeXMathematics/Pods-LaTeXMathematics.release.xcconfig"; sourceTree = "<group>"; };
		4EDDC520DD8BC5E82F5109B8 /* Pods-LaTeX Mathematics.release.xcconfig */ = {isa = PBXFileReference; includeInIndex = 1; lastKnownFileType = text.xcconfig; name = "Pods-LaTeX Mathematics.release.xcconfig"; path = "Target Support Files/Pods-LaTeX Mathematics/Pods-LaTeX Mathematics.release.xcconfig"; sourceTree = "<group>"; };
		5104E3B922D3834700E63A39 /* IntegralViewController.swift */ = {isa = PBXFileReference; lastKnownFileType = sourcecode.swift; path = IntegralViewController.swift; sourceTree = "<group>"; };
		510BCA4122D7838C00A0E365 /* BracketViewController.swift */ = {isa = PBXFileReference; lastKnownFileType = sourcecode.swift; path = BracketViewController.swift; sourceTree = "<group>"; };
		511B1A3D22D0D41F00D7AAB5 /* EquationItemButton.swift */ = {isa = PBXFileReference; lastKnownFileType = sourcecode.swift; path = EquationItemButton.swift; sourceTree = "<group>"; };
		511CCB4122D9AE9D004A14EB /* LimitLogViewController.swift */ = {isa = PBXFileReference; lastKnownFileType = sourcecode.swift; path = LimitLogViewController.swift; sourceTree = "<group>"; };
		512B591522D19A7B00B96C09 /* PreviewViewController.swift */ = {isa = PBXFileReference; lastKnownFileType = sourcecode.swift; path = PreviewViewController.swift; sourceTree = "<group>"; };
		5134E0C222C4C2E200F7DEC3 /* LaTeX Mathematics.app */ = {isa = PBXFileReference; explicitFileType = wrapper.application; includeInIndex = 0; path = "LaTeX Mathematics.app"; sourceTree = BUILT_PRODUCTS_DIR; };
		5134E0C522C4C2E200F7DEC3 /* AppDelegate.swift */ = {isa = PBXFileReference; lastKnownFileType = sourcecode.swift; path = AppDelegate.swift; sourceTree = "<group>"; };
		5134E0C922C4C2E200F7DEC3 /* Assets.xcassets */ = {isa = PBXFileReference; lastKnownFileType = folder.assetcatalog; path = Assets.xcassets; sourceTree = "<group>"; };
		5134E0CC22C4C2E200F7DEC3 /* Base */ = {isa = PBXFileReference; lastKnownFileType = file.storyboard; name = Base; path = Base.lproj/Main.storyboard; sourceTree = "<group>"; };
		5134E0CE22C4C2E200F7DEC3 /* Info.plist */ = {isa = PBXFileReference; lastKnownFileType = text.plist.xml; path = Info.plist; sourceTree = "<group>"; };
		5134E0CF22C4C2E200F7DEC3 /* LaTeX Mathematics.entitlements */ = {isa = PBXFileReference; lastKnownFileType = text.plist.entitlements; path = "LaTeX Mathematics.entitlements"; sourceTree = "<group>"; };
		51757CF422D1FCB100EC30BF /* Utils.swift */ = {isa = PBXFileReference; lastKnownFileType = sourcecode.swift; path = Utils.swift; sourceTree = "<group>"; };
		51757CF622D20F6B00EC30BF /* ScriptViewController.swift */ = {isa = PBXFileReference; lastKnownFileType = sourcecode.swift; path = ScriptViewController.swift; sourceTree = "<group>"; };
		51757CF822D2179000EC30BF /* RadicalViewController.swift */ = {isa = PBXFileReference; lastKnownFileType = sourcecode.swift; path = RadicalViewController.swift; sourceTree = "<group>"; };
		51A8486122D4F10200A99313 /* LargeOperatorViewController.swift */ = {isa = PBXFileReference; lastKnownFileType = sourcecode.swift; path = LargeOperatorViewController.swift; sourceTree = "<group>"; };
		51CEBBD322D1E87E00F0044E /* FractionViewController.swift */ = {isa = PBXFileReference; lastKnownFileType = sourcecode.swift; path = FractionViewController.swift; sourceTree = "<group>"; };
		51EF739D22D1CDDF0055266B /* EquationPreviewView.swift */ = {isa = PBXFileReference; lastKnownFileType = sourcecode.swift; path = EquationPreviewView.swift; sourceTree = "<group>"; };
		7D41746C5438F3E03E624E11 /* Pods-LaTeXMathematics.debug.xcconfig */ = {isa = PBXFileReference; includeInIndex = 1; lastKnownFileType = text.xcconfig; name = "Pods-LaTeXMathematics.debug.xcconfig"; path = "Target Support Files/Pods-LaTeXMathematics/Pods-LaTeXMathematics.debug.xcconfig"; sourceTree = "<group>"; };
		AE59D124062A5381ABD03BD6 /* Pods_LaTeX_Mathematics.framework */ = {isa = PBXFileReference; explicitFileType = wrapper.framework; includeInIndex = 0; path = Pods_LaTeX_Mathematics.framework; sourceTree = BUILT_PRODUCTS_DIR; };
		B0C188856776D854CA7AF882 /* Pods-LaTeX Mathematics.debug.xcconfig */ = {isa = PBXFileReference; includeInIndex = 1; lastKnownFileType = text.xcconfig; name = "Pods-LaTeX Mathematics.debug.xcconfig"; path = "Target Support Files/Pods-LaTeX Mathematics/Pods-LaTeX Mathematics.debug.xcconfig"; sourceTree = "<group>"; };
/* End PBXFileReference section */

/* Begin PBXFrameworksBuildPhase section */
		5134E0BF22C4C2E200F7DEC3 /* Frameworks */ = {
			isa = PBXFrameworksBuildPhase;
			buildActionMask = 2147483647;
			files = (
				DBEEB333082EE5D4B608DDAB /* Pods_LaTeX_Mathematics.framework in Frameworks */,
			);
			runOnlyForDeploymentPostprocessing = 0;
		};
/* End PBXFrameworksBuildPhase section */

/* Begin PBXGroup section */
		34DFD6BB383BD7680CB137BB /* Pods */ = {
			isa = PBXGroup;
			children = (
				7D41746C5438F3E03E624E11 /* Pods-LaTeXMathematics.debug.xcconfig */,
				37A27CC76E1F96E3BEF57332 /* Pods-LaTeXMathematics.release.xcconfig */,
				B0C188856776D854CA7AF882 /* Pods-LaTeX Mathematics.debug.xcconfig */,
				4EDDC520DD8BC5E82F5109B8 /* Pods-LaTeX Mathematics.release.xcconfig */,
			);
			path = Pods;
			sourceTree = "<group>";
		};
		5134E0B922C4C2E200F7DEC3 = {
			isa = PBXGroup;
			children = (
				5134E0C422C4C2E200F7DEC3 /* LaTeX Mathematics */,
				5134E0C322C4C2E200F7DEC3 /* Products */,
				34DFD6BB383BD7680CB137BB /* Pods */,
				E06C756199B754991344ECA1 /* Frameworks */,
			);
			sourceTree = "<group>";
		};
		5134E0C322C4C2E200F7DEC3 /* Products */ = {
			isa = PBXGroup;
			children = (
				5134E0C222C4C2E200F7DEC3 /* LaTeX Mathematics.app */,
			);
			name = Products;
			sourceTree = "<group>";
		};
		5134E0C422C4C2E200F7DEC3 /* LaTeX Mathematics */ = {
			isa = PBXGroup;
			children = (
				5134E0C522C4C2E200F7DEC3 /* AppDelegate.swift */,
				5134E0C922C4C2E200F7DEC3 /* Assets.xcassets */,
				5134E0CB22C4C2E200F7DEC3 /* Main.storyboard */,
				5134E0CE22C4C2E200F7DEC3 /* Info.plist */,
				5134E0CF22C4C2E200F7DEC3 /* LaTeX Mathematics.entitlements */,
				51757CF422D1FCB100EC30BF /* Utils.swift */,
				511B1A3D22D0D41F00D7AAB5 /* EquationItemButton.swift */,
				51EF739D22D1CDDF0055266B /* EquationPreviewView.swift */,
				512B591522D19A7B00B96C09 /* PreviewViewController.swift */,
				51CEBBD322D1E87E00F0044E /* FractionViewController.swift */,
				51757CF622D20F6B00EC30BF /* ScriptViewController.swift */,
				51757CF822D2179000EC30BF /* RadicalViewController.swift */,
				5104E3B922D3834700E63A39 /* IntegralViewController.swift */,
				51A8486122D4F10200A99313 /* LargeOperatorViewController.swift */,
				510BCA4122D7838C00A0E365 /* BracketViewController.swift */,
				511CCB4122D9AE9D004A14EB /* LimitLogViewController.swift */,
			);
			path = "LaTeX Mathematics";
			sourceTree = "<group>";
		};
		E06C756199B754991344ECA1 /* Frameworks */ = {
			isa = PBXGroup;
			children = (
				AE59D124062A5381ABD03BD6 /* Pods_LaTeX_Mathematics.framework */,
			);
			name = Frameworks;
			sourceTree = "<group>";
		};
/* End PBXGroup section */

/* Begin PBXNativeTarget section */
		5134E0C122C4C2E200F7DEC3 /* LaTeX Mathematics */ = {
			isa = PBXNativeTarget;
			buildConfigurationList = 5134E0D222C4C2E200F7DEC3 /* Build configuration list for PBXNativeTarget "LaTeX Mathematics" */;
			buildPhases = (
				4558A1A9B69DB547913991F7 /* [CP] Check Pods Manifest.lock */,
				5134E0BE22C4C2E200F7DEC3 /* Sources */,
				5134E0BF22C4C2E200F7DEC3 /* Frameworks */,
				5134E0C022C4C2E200F7DEC3 /* Resources */,
				B200B3867C8CD74558C4FDFE /* [CP] Embed Pods Frameworks */,
			);
			buildRules = (
			);
			dependencies = (
			);
			name = "LaTeX Mathematics";
			productName = LaTeXMathematics;
			productReference = 5134E0C222C4C2E200F7DEC3 /* LaTeX Mathematics.app */;
			productType = "com.apple.product-type.application";
		};
/* End PBXNativeTarget section */

/* Begin PBXProject section */
		5134E0BA22C4C2E200F7DEC3 /* Project object */ = {
			isa = PBXProject;
			attributes = {
				LastSwiftUpdateCheck = 1020;
				LastUpgradeCheck = 1020;
				ORGANIZATIONNAME = "Jiaxin Shou";
				TargetAttributes = {
					5134E0C122C4C2E200F7DEC3 = {
						CreatedOnToolsVersion = 10.2.1;
						SystemCapabilities = {
							com.apple.Sandbox = {
								enabled = 1;
							};
						};
					};
				};
			};
			buildConfigurationList = 5134E0BD22C4C2E200F7DEC3 /* Build configuration list for PBXProject "LaTeX Mathematics" */;
			compatibilityVersion = "Xcode 9.3";
			developmentRegion = en;
			hasScannedForEncodings = 0;
			knownRegions = (
				en,
				Base,
			);
			mainGroup = 5134E0B922C4C2E200F7DEC3;
			productRefGroup = 5134E0C322C4C2E200F7DEC3 /* Products */;
			projectDirPath = "";
			projectRoot = "";
			targets = (
				5134E0C122C4C2E200F7DEC3 /* LaTeX Mathematics */,
			);
		};
/* End PBXProject section */

/* Begin PBXResourcesBuildPhase section */
		5134E0C022C4C2E200F7DEC3 /* Resources */ = {
			isa = PBXResourcesBuildPhase;
			buildActionMask = 2147483647;
			files = (
				5134E0CA22C4C2E200F7DEC3 /* Assets.xcassets in Resources */,
				5134E0CD22C4C2E200F7DEC3 /* Main.storyboard in Resources */,
			);
			runOnlyForDeploymentPostprocessing = 0;
		};
/* End PBXResourcesBuildPhase section */

/* Begin PBXShellScriptBuildPhase section */
		4558A1A9B69DB547913991F7 /* [CP] Check Pods Manifest.lock */ = {
			isa = PBXShellScriptBuildPhase;
			buildActionMask = 2147483647;
			files = (
			);
			inputFileListPaths = (
			);
			inputPaths = (
				"${PODS_PODFILE_DIR_PATH}/Podfile.lock",
				"${PODS_ROOT}/Manifest.lock",
			);
			name = "[CP] Check Pods Manifest.lock";
			outputFileListPaths = (
			);
			outputPaths = (
				"$(DERIVED_FILE_DIR)/Pods-LaTeX Mathematics-checkManifestLockResult.txt",
			);
			runOnlyForDeploymentPostprocessing = 0;
			shellPath = /bin/sh;
			shellScript = "diff \"${PODS_PODFILE_DIR_PATH}/Podfile.lock\" \"${PODS_ROOT}/Manifest.lock\" > /dev/null\nif [ $? != 0 ] ; then\n    # print error to STDERR\n    echo \"error: The sandbox is not in sync with the Podfile.lock. Run 'pod install' or update your CocoaPods installation.\" >&2\n    exit 1\nfi\n# This output is used by Xcode 'outputs' to avoid re-running this script phase.\necho \"SUCCESS\" > \"${SCRIPT_OUTPUT_FILE_0}\"\n";
			showEnvVarsInLog = 0;
		};
		B200B3867C8CD74558C4FDFE /* [CP] Embed Pods Frameworks */ = {
			isa = PBXShellScriptBuildPhase;
			buildActionMask = 2147483647;
			files = (
			);
			inputFileListPaths = (
				"${PODS_ROOT}/Target Support Files/Pods-LaTeX Mathematics/Pods-LaTeX Mathematics-frameworks-${CONFIGURATION}-input-files.xcfilelist",
			);
			name = "[CP] Embed Pods Frameworks";
			outputFileListPaths = (
				"${PODS_ROOT}/Target Support Files/Pods-LaTeX Mathematics/Pods-LaTeX Mathematics-frameworks-${CONFIGURATION}-output-files.xcfilelist",
			);
			runOnlyForDeploymentPostprocessing = 0;
			shellPath = /bin/sh;
			shellScript = "\"${PODS_ROOT}/Target Support Files/Pods-LaTeX Mathematics/Pods-LaTeX Mathematics-frameworks.sh\"\n";
			showEnvVarsInLog = 0;
		};
/* End PBXShellScriptBuildPhase section */

/* Begin PBXSourcesBuildPhase section */
		5134E0BE22C4C2E200F7DEC3 /* Sources */ = {
			isa = PBXSourcesBuildPhase;
			buildActionMask = 2147483647;
			files = (
				511B1A3E22D0D41F00D7AAB5 /* EquationItemButton.swift in Sources */,
				5134E0C622C4C2E200F7DEC3 /* AppDelegate.swift in Sources */,
				512B591622D19A7B00B96C09 /* PreviewViewController.swift in Sources */,
				511CCB4222D9AE9D004A14EB /* LimitLogViewController.swift in Sources */,
				51EF739E22D1CDDF0055266B /* EquationPreviewView.swift in Sources */,
				51757CF722D20F6B00EC30BF /* ScriptViewController.swift in Sources */,
				510BCA4222D7838C00A0E365 /* BracketViewController.swift in Sources */,
				51757CF922D2179000EC30BF /* RadicalViewController.swift in Sources */,
				5104E3BA22D3834700E63A39 /* IntegralViewController.swift in Sources */,
				51CEBBD422D1E87E00F0044E /* FractionViewController.swift in Sources */,
				51A8486222D4F10200A99313 /* LargeOperatorViewController.swift in Sources */,
				51757CF522D1FCB100EC30BF /* Utils.swift in Sources */,
			);
			runOnlyForDeploymentPostprocessing = 0;
		};
/* End PBXSourcesBuildPhase section */

/* Begin PBXVariantGroup section */
		5134E0CB22C4C2E200F7DEC3 /* Main.storyboard */ = {
			isa = PBXVariantGroup;
			children = (
				5134E0CC22C4C2E200F7DEC3 /* Base */,
			);
			name = Main.storyboard;
			sourceTree = "<group>";
		};
/* End PBXVariantGroup section */

/* Begin XCBuildConfiguration section */
		5134E0D022C4C2E200F7DEC3 /* Debug */ = {
			isa = XCBuildConfiguration;
			buildSettings = {
				ALWAYS_SEARCH_USER_PATHS = NO;
				CLANG_ANALYZER_NONNULL = YES;
				CLANG_ANALYZER_NUMBER_OBJECT_CONVERSION = YES_AGGRESSIVE;
				CLANG_CXX_LANGUAGE_STANDARD = "gnu++14";
				CLANG_CXX_LIBRARY = "libc++";
				CLANG_ENABLE_MODULES = YES;
				CLANG_ENABLE_OBJC_ARC = YES;
				CLANG_ENABLE_OBJC_WEAK = YES;
				CLANG_WARN_BLOCK_CAPTURE_AUTORELEASING = YES;
				CLANG_WARN_BOOL_CONVERSION = YES;
				CLANG_WARN_COMMA = YES;
				CLANG_WARN_CONSTANT_CONVERSION = YES;
				CLANG_WARN_DEPRECATED_OBJC_IMPLEMENTATIONS = YES;
				CLANG_WARN_DIRECT_OBJC_ISA_USAGE = YES_ERROR;
				CLANG_WARN_DOCUMENTATION_COMMENTS = YES;
				CLANG_WARN_EMPTY_BODY = YES;
				CLANG_WARN_ENUM_CONVERSION = YES;
				CLANG_WARN_INFINITE_RECURSION = YES;
				CLANG_WARN_INT_CONVERSION = YES;
				CLANG_WARN_NON_LITERAL_NULL_CONVERSION = YES;
				CLANG_WARN_OBJC_IMPLICIT_RETAIN_SELF = YES;
				CLANG_WARN_OBJC_LITERAL_CONVERSION = YES;
				CLANG_WARN_OBJC_ROOT_CLASS = YES_ERROR;
				CLANG_WARN_RANGE_LOOP_ANALYSIS = YES;
				CLANG_WARN_STRICT_PROTOTYPES = YES;
				CLANG_WARN_SUSPICIOUS_MOVE = YES;
				CLANG_WARN_UNGUARDED_AVAILABILITY = YES_AGGRESSIVE;
				CLANG_WARN_UNREACHABLE_CODE = YES;
				CLANG_WARN__DUPLICATE_METHOD_MATCH = YES;
				CODE_SIGN_IDENTITY = "-";
				COPY_PHASE_STRIP = NO;
				DEBUG_INFORMATION_FORMAT = dwarf;
				ENABLE_STRICT_OBJC_MSGSEND = YES;
				ENABLE_TESTABILITY = YES;
				GCC_C_LANGUAGE_STANDARD = gnu11;
				GCC_DYNAMIC_NO_PIC = NO;
				GCC_NO_COMMON_BLOCKS = YES;
				GCC_OPTIMIZATION_LEVEL = 0;
				GCC_PREPROCESSOR_DEFINITIONS = (
					"DEBUG=1",
					"$(inherited)",
				);
				GCC_WARN_64_TO_32_BIT_CONVERSION = YES;
				GCC_WARN_ABOUT_RETURN_TYPE = YES_ERROR;
				GCC_WARN_UNDECLARED_SELECTOR = YES;
				GCC_WARN_UNINITIALIZED_AUTOS = YES_AGGRESSIVE;
				GCC_WARN_UNUSED_FUNCTION = YES;
				GCC_WARN_UNUSED_VARIABLE = YES;
				MACOSX_DEPLOYMENT_TARGET = 10.14;
				MTL_ENABLE_DEBUG_INFO = INCLUDE_SOURCE;
				MTL_FAST_MATH = YES;
				ONLY_ACTIVE_ARCH = YES;
				SDKROOT = macosx;
				SWIFT_ACTIVE_COMPILATION_CONDITIONS = DEBUG;
				SWIFT_OPTIMIZATION_LEVEL = "-Onone";
			};
			name = Debug;
		};
		5134E0D122C4C2E200F7DEC3 /* Release */ = {
			isa = XCBuildConfiguration;
			buildSettings = {
				ALWAYS_SEARCH_USER_PATHS = NO;
				CLANG_ANALYZER_NONNULL = YES;
				CLANG_ANALYZER_NUMBER_OBJECT_CONVERSION = YES_AGGRESSIVE;
				CLANG_CXX_LANGUAGE_STANDARD = "gnu++14";
				CLANG_CXX_LIBRARY = "libc++";
				CLANG_ENABLE_MODULES = YES;
				CLANG_ENABLE_OBJC_ARC = YES;
				CLANG_ENABLE_OBJC_WEAK = YES;
				CLANG_WARN_BLOCK_CAPTURE_AUTORELEASING = YES;
				CLANG_WARN_BOOL_CONVERSION = YES;
				CLANG_WARN_COMMA = YES;
				CLANG_WARN_CONSTANT_CONVERSION = YES;
				CLANG_WARN_DEPRECATED_OBJC_IMPLEMENTATIONS = YES;
				CLANG_WARN_DIRECT_OBJC_ISA_USAGE = YES_ERROR;
				CLANG_WARN_DOCUMENTATION_COMMENTS = YES;
				CLANG_WARN_EMPTY_BODY = YES;
				CLANG_WARN_ENUM_CONVERSION = YES;
				CLANG_WARN_INFINITE_RECURSION = YES;
				CLANG_WARN_INT_CONVERSION = YES;
				CLANG_WARN_NON_LITERAL_NULL_CONVERSION = YES;
				CLANG_WARN_OBJC_IMPLICIT_RETAIN_SELF = YES;
				CLANG_WARN_OBJC_LITERAL_CONVERSION = YES;
				CLANG_WARN_OBJC_ROOT_CLASS = YES_ERROR;
				CLANG_WARN_RANGE_LOOP_ANALYSIS = YES;
				CLANG_WARN_STRICT_PROTOTYPES = YES;
				CLANG_WARN_SUSPICIOUS_MOVE = YES;
				CLANG_WARN_UNGUARDED_AVAILABILITY = YES_AGGRESSIVE;
				CLANG_WARN_UNREACHABLE_CODE = YES;
				CLANG_WARN__DUPLICATE_METHOD_MATCH = YES;
				CODE_SIGN_IDENTITY = "-";
				COPY_PHASE_STRIP = NO;
				DEBUG_INFORMATION_FORMAT = "dwarf-with-dsym";
				ENABLE_NS_ASSERTIONS = NO;
				ENABLE_STRICT_OBJC_MSGSEND = YES;
				GCC_C_LANGUAGE_STANDARD = gnu11;
				GCC_NO_COMMON_BLOCKS = YES;
				GCC_WARN_64_TO_32_BIT_CONVERSION = YES;
				GCC_WARN_ABOUT_RETURN_TYPE = YES_ERROR;
				GCC_WARN_UNDECLARED_SELECTOR = YES;
				GCC_WARN_UNINITIALIZED_AUTOS = YES_AGGRESSIVE;
				GCC_WARN_UNUSED_FUNCTION = YES;
				GCC_WARN_UNUSED_VARIABLE = YES;
				MACOSX_DEPLOYMENT_TARGET = 10.14;
				MTL_ENABLE_DEBUG_INFO = NO;
				MTL_FAST_MATH = YES;
				SDKROOT = macosx;
				SWIFT_COMPILATION_MODE = wholemodule;
				SWIFT_OPTIMIZATION_LEVEL = "-O";
			};
			name = Release;
		};
		5134E0D322C4C2E200F7DEC3 /* Debug */ = {
			isa = XCBuildConfiguration;
			baseConfigurationReference = B0C188856776D854CA7AF882 /* Pods-LaTeX Mathematics.debug.xcconfig */;
			buildSettings = {
				ASSETCATALOG_COMPILER_APPICON_NAME = AppIcon;
				CODE_SIGN_ENTITLEMENTS = "LaTeX Mathematics/LaTeX Mathematics.entitlements";
				CODE_SIGN_STYLE = Automatic;
				COMBINE_HIDPI_IMAGES = YES;
				INFOPLIST_FILE = "LaTeX Mathematics/Info.plist";
				LD_RUNPATH_SEARCH_PATHS = (
					"$(inherited)",
					"@executable_path/../Frameworks",
				);
				PRODUCT_BUNDLE_IDENTIFIER = com.jiaxin.LaTeXMathematics;
				PRODUCT_NAME = "$(TARGET_NAME)";
				SWIFT_VERSION = 5.0;
			};
			name = Debug;
		};
		5134E0D422C4C2E200F7DEC3 /* Release */ = {
			isa = XCBuildConfiguration;
			baseConfigurationReference = 4EDDC520DD8BC5E82F5109B8 /* Pods-LaTeX Mathematics.release.xcconfig */;
			buildSettings = {
				ASSETCATALOG_COMPILER_APPICON_NAME = AppIcon;
				CODE_SIGN_ENTITLEMENTS = "LaTeX Mathematics/LaTeX Mathematics.entitlements";
				CODE_SIGN_STYLE = Automatic;
				COMBINE_HIDPI_IMAGES = YES;
				INFOPLIST_FILE = "LaTeX Mathematics/Info.plist";
				LD_RUNPATH_SEARCH_PATHS = (
					"$(inherited)",
					"@executable_path/../Frameworks",
				);
				PRODUCT_BUNDLE_IDENTIFIER = com.jiaxin.LaTeXMathematics;
				PRODUCT_NAME = "$(TARGET_NAME)";
				SWIFT_VERSION = 5.0;
			};
			name = Release;
		};
/* End XCBuildConfiguration section */

/* Begin XCConfigurationList section */
		5134E0BD22C4C2E200F7DEC3 /* Build configuration list for PBXProject "LaTeX Mathematics" */ = {
			isa = XCConfigurationList;
			buildConfigurations = (
				5134E0D022C4C2E200F7DEC3 /* Debug */,
				5134E0D122C4C2E200F7DEC3 /* Release */,
			);
			defaultConfigurationIsVisible = 0;
			defaultConfigurationName = Release;
		};
		5134E0D222C4C2E200F7DEC3 /* Build configuration list for PBXNativeTarget "LaTeX Mathematics" */ = {
			isa = XCConfigurationList;
			buildConfigurations = (
				5134E0D322C4C2E200F7DEC3 /* Debug */,
				5134E0D422C4C2E200F7DEC3 /* Release */,
			);
			defaultConfigurationIsVisible = 0;
			defaultConfigurationName = Release;
		};
/* End XCConfigurationList section */
	};
	rootObject = 5134E0BA22C4C2E200F7DEC3 /* Project object */;
}
